
Microsoft Visual Studio Solution File, Format Version 12.00
# Visual Studio Version 17
VisualStudioVersion = 17.10.34928.147
MinimumVisualStudioVersion = 10.0.40219.1
Project("{FAE04EC0-301F-11D3-BF4B-00C04F79EFBC}") = "ProjectWebAirlineMVC", "ProjectWebAirlineMVC\ProjectWebAirlineMVC.csproj", "{77C20BBE-1D3A-4E38-8BEF-148ABF0D44BA}"
EndProject
Global
	GlobalSection(SolutionConfigurationPlatforms) = preSolution
		Debug|Any CPU = Debug|Any CPU
		Release|Any CPU = Release|Any CPU
	EndGlobalSection
	GlobalSection(ProjectConfigurationPlatforms) = postSolution
		{77C20BBE-1D3A-4E38-8BEF-148ABF0D44BA}.Debug|Any CPU.ActiveCfg = Debug|Any CPU
		{77C20BBE-1D3A-4E38-8BEF-148ABF0D44BA}.Debug|Any CPU.Build.0 = Debug|Any CPU
		{77C20BBE-1D3A-4E38-8BEF-148ABF0D44BA}.Release|Any CPU.ActiveCfg = Release|Any CPU
		{77C20BBE-1D3A-4E38-8BEF-148ABF0D44BA}.Release|Any CPU.Build.0 = Release|Any CPU
	EndGlobalSection
	GlobalSection(SolutionProperties) = preSolution
		HideSolutionNode = FALSE
	EndGlobalSection
	GlobalSection(ExtensibilityGlobals) = postSolution
		SolutionGuid = {C4D32DCA-F2E7-4A46-BFEA-6982214ECD50}
	EndGlobalSection
EndGlobal
